
Microsoft Visual Studio Solution File, Format Version 12.00
# Visual Studio Version 17
VisualStudioVersion = 17.14.36429.23 d17.14
MinimumVisualStudioVersion = 10.0.40219.1
Project("{FAE04EC0-301F-11D3-BF4B-00C04F79EFBC}") = "WindowsFormsApp1", "WindowsFormsApp1\WindowsFormsApp1.csproj", "{316D66F7-529B-46B3-82D0-034CE69C0477}"
EndProject
Global
	GlobalSection(SolutionConfigurationPlatforms) = preSolution
		Debug|Any CPU = Debug|Any CPU
		Release|Any CPU = Release|Any CPU
	EndGlobalSection
	GlobalSection(ProjectConfigurationPlatforms) = postSolution
		{316D66F7-529B-46B3-82D0-034CE69C0477}.Debug|Any CPU.ActiveCfg = Debug|Any CPU
		{316D66F7-529B-46B3-82D0-034CE69C0477}.Debug|Any CPU.Build.0 = Debug|Any CPU
		{316D66F7-529B-46B3-82D0-034CE69C0477}.Release|Any CPU.ActiveCfg = Release|Any CPU
		{316D66F7-529B-46B3-82D0-034CE69C0477}.Release|Any CPU.Build.0 = Release|Any CPU
	EndGlobalSection
	GlobalSection(SolutionProperties) = preSolution
		HideSolutionNode = FALSE
	EndGlobalSection
	GlobalSection(ExtensibilityGlobals) = postSolution
		SolutionGuid = {742B7C35-6DF0-4FEF-9C76-013C12B6E2B8}
	EndGlobalSection
EndGlobal
