
Microsoft Visual Studio Solution File, Format Version 12.00
# Visual Studio Version 17
VisualStudioVersion = 17.14.36429.23 d17.14
MinimumVisualStudioVersion = 10.0.40219.1
Project("{FAE04EC0-301F-11D3-BF4B-00C04F79EFBC}") = "WindowsFormsApp4", "WindowsFormsApp4\WindowsFormsApp4.csproj", "{D5D723F8-DCD3-42AA-BE11-3F5D685E9E23}"
EndProject
Global
	GlobalSection(SolutionConfigurationPlatforms) = preSolution
		Debug|Any CPU = Debug|Any CPU
		Release|Any CPU = Release|Any CPU
	EndGlobalSection
	GlobalSection(ProjectConfigurationPlatforms) = postSolution
		{D5D723F8-DCD3-42AA-BE11-3F5D685E9E23}.Debug|Any CPU.ActiveCfg = Debug|Any CPU
		{D5D723F8-DCD3-42AA-BE11-3F5D685E9E23}.Debug|Any CPU.Build.0 = Debug|Any CPU
		{D5D723F8-DCD3-42AA-BE11-3F5D685E9E23}.Release|Any CPU.ActiveCfg = Release|Any CPU
		{D5D723F8-DCD3-42AA-BE11-3F5D685E9E23}.Release|Any CPU.Build.0 = Release|Any CPU
	EndGlobalSection
	GlobalSection(SolutionProperties) = preSolution
		HideSolutionNode = FALSE
	EndGlobalSection
	GlobalSection(ExtensibilityGlobals) = postSolution
		SolutionGuid = {22EEAD65-BC72-42ED-ACFC-F8B4C6AF5355}
	EndGlobalSection
EndGlobal
