
Microsoft Visual Studio Solution File, Format Version 12.00
# Visual Studio Version 17
VisualStudioVersion = 17.14.36429.23 d17.14
MinimumVisualStudioVersion = 10.0.40219.1
Project("{FAE04EC0-301F-11D3-BF4B-00C04F79EFBC}") = "WindowsFormsApp4", "WindowsFormsApp4\WindowsFormsApp4.csproj", "{795B86E9-ED85-4DAE-93C7-90F219524ADD}"
EndProject
Global
	GlobalSection(SolutionConfigurationPlatforms) = preSolution
		Debug|Any CPU = Debug|Any CPU
		Release|Any CPU = Release|Any CPU
	EndGlobalSection
	GlobalSection(ProjectConfigurationPlatforms) = postSolution
		{795B86E9-ED85-4DAE-93C7-90F219524ADD}.Debug|Any CPU.ActiveCfg = Debug|Any CPU
		{795B86E9-ED85-4DAE-93C7-90F219524ADD}.Debug|Any CPU.Build.0 = Debug|Any CPU
		{795B86E9-ED85-4DAE-93C7-90F219524ADD}.Release|Any CPU.ActiveCfg = Release|Any CPU
		{795B86E9-ED85-4DAE-93C7-90F219524ADD}.Release|Any CPU.Build.0 = Release|Any CPU
	EndGlobalSection
	GlobalSection(SolutionProperties) = preSolution
		HideSolutionNode = FALSE
	EndGlobalSection
	GlobalSection(ExtensibilityGlobals) = postSolution
		SolutionGuid = {AF0C38CF-72D6-48AC-93D6-BF9A49D8A2E9}
	EndGlobalSection
EndGlobal
