
Microsoft Visual Studio Solution File, Format Version 12.00
# Visual Studio Version 17
VisualStudioVersion = 17.14.36429.23 d17.14
MinimumVisualStudioVersion = 10.0.40219.1
Project("{FAE04EC0-301F-11D3-BF4B-00C04F79EFBC}") = "WindowsFormsApp3", "WindowsFormsApp3\WindowsFormsApp3.csproj", "{EE5EFA11-AF20-49EE-A712-E4F5AC931F41}"
EndProject
Global
	GlobalSection(SolutionConfigurationPlatforms) = preSolution
		Debug|Any CPU = Debug|Any CPU
		Release|Any CPU = Release|Any CPU
	EndGlobalSection
	GlobalSection(ProjectConfigurationPlatforms) = postSolution
		{EE5EFA11-AF20-49EE-A712-E4F5AC931F41}.Debug|Any CPU.ActiveCfg = Debug|Any CPU
		{EE5EFA11-AF20-49EE-A712-E4F5AC931F41}.Debug|Any CPU.Build.0 = Debug|Any CPU
		{EE5EFA11-AF20-49EE-A712-E4F5AC931F41}.Release|Any CPU.ActiveCfg = Release|Any CPU
		{EE5EFA11-AF20-49EE-A712-E4F5AC931F41}.Release|Any CPU.Build.0 = Release|Any CPU
	EndGlobalSection
	GlobalSection(SolutionProperties) = preSolution
		HideSolutionNode = FALSE
	EndGlobalSection
	GlobalSection(ExtensibilityGlobals) = postSolution
		SolutionGuid = {504B3414-1299-4247-BC92-CAE908FB4A69}
	EndGlobalSection
EndGlobal
